{
  "name": "crypto",
  "lockfileVersion": 2,
  "requires": true,
  "packages": {
    "": {
      "dependencies": {
        "crypto-js": "^4.1.1",
        "exectimer": "^2.2.2"
      }
    },
    "node_modules/browser-process-hrtime": {
      "version": "1.0.0",
      "resolved": "https://registry.npmjs.org/browser-process-hrtime/-/browser-process-hrtime-1.0.0.tgz",
      "integrity": "sha512-9o5UecI3GhkpM6DrXr69PblIuWxPKk9Y0jHBRhdocZ2y7YECBFCsHm79Pr3OyR2AvjhDkabFJaDJMYRazHgsow=="
    },
    "node_modules/co": {
      "version": "4.6.0",
      "resolved": "https://registry.npmjs.org/co/-/co-4.6.0.tgz",
      "integrity": "sha1-bqa989hTrlTMuOR7+gvz+QMfsYQ=",
      "engines": {
        "iojs": ">= 1.0.0",
        "node": ">= 0.12.0"
      }
    },
    "node_modules/crypto-js": {
      "version": "4.1.1",
      "resolved": "https://registry.npmjs.org/crypto-js/-/crypto-js-4.1.1.tgz",
      "integrity": "sha512-o2JlM7ydqd3Qk9CA0L4NL6mTzU2sdx96a+oOfPu8Mkl/PK51vSyoi8/rQ8NknZtk44vq15lmhAj9CIAGwgeWKw=="
    },
    "node_modules/exectimer": {
      "version": "2.2.2",
      "resolved": "https://registry.npmjs.org/exectimer/-/exectimer-2.2.2.tgz",
      "integrity": "sha512-pglaO9IkwZBCKZ22xIFBE+wKplw/fcBljtXbSE0QdXloz2+Y+Fj78aMbjhFMygnHcLfe8aZ/xBWiPPZxgmDokA==",
      "dependencies": {
        "browser-process-hrtime": "^1.0.0",
        "co": "^4.6.0"
      },
      "engines": {
        "node": ">=6.0.0"
      }
    }
  },
  "dependencies": {
    "browser-process-hrtime": {
      "version": "1.0.0",
      "resolved": "https://registry.npmjs.org/browser-process-hrtime/-/browser-process-hrtime-1.0.0.tgz",
      "integrity": "sha512-9o5UecI3GhkpM6DrXr69PblIuWxPKk9Y0jHBRhdocZ2y7YECBFCsHm79Pr3OyR2AvjhDkabFJaDJMYRazHgsow=="
    },
    "co": {
      "version": "4.6.0",
      "resolved": "https://registry.npmjs.org/co/-/co-4.6.0.tgz",
      "integrity": "sha1-bqa989hTrlTMuOR7+gvz+QMfsYQ="
    },
    "crypto-js": {
      "version": "4.1.1",
      "resolved": "https://registry.npmjs.org/crypto-js/-/crypto-js-4.1.1.tgz",
      "integrity": "sha512-o2JlM7ydqd3Qk9CA0L4NL6mTzU2sdx96a+oOfPu8Mkl/PK51vSyoi8/rQ8NknZtk44vq15lmhAj9CIAGwgeWKw=="
    },
    "exectimer": {
      "version": "2.2.2",
      "resolved": "https://registry.npmjs.org/exectimer/-/exectimer-2.2.2.tgz",
      "integrity": "sha512-pglaO9IkwZBCKZ22xIFBE+wKplw/fcBljtXbSE0QdXloz2+Y+Fj78aMbjhFMygnHcLfe8aZ/xBWiPPZxgmDokA==",
      "requires": {
        "browser-process-hrtime": "^1.0.0",
        "co": "^4.6.0"
      }
    }
  }
}
